
Microsoft Visual Studio Solution File, Format Version 12.00
# Visual Studio Version 17
VisualStudioVersion = 17.14.36518.9 d17.14
MinimumVisualStudioVersion = 10.0.40219.1
Project("{FAE04EC0-301F-11D3-BF4B-00C04F79EFBC}") = "EstudoAPIWEB", "EstudoAPIWEB\EstudoAPIWEB.csproj", "{7A857748-B56F-4090-B296-E479942CC7FD}"
EndProject
Global
	GlobalSection(SolutionConfigurationPlatforms) = preSolution
		Debug|Any CPU = Debug|Any CPU
		Release|Any CPU = Release|Any CPU
	EndGlobalSection
	GlobalSection(ProjectConfigurationPlatforms) = postSolution
		{7A857748-B56F-4090-B296-E479942CC7FD}.Debug|Any CPU.ActiveCfg = Debug|Any CPU
		{7A857748-B56F-4090-B296-E479942CC7FD}.Debug|Any CPU.Build.0 = Debug|Any CPU
		{7A857748-B56F-4090-B296-E479942CC7FD}.Release|Any CPU.ActiveCfg = Release|Any CPU
		{7A857748-B56F-4090-B296-E479942CC7FD}.Release|Any CPU.Build.0 = Release|Any CPU
	EndGlobalSection
	GlobalSection(SolutionProperties) = preSolution
		HideSolutionNode = FALSE
	EndGlobalSection
	GlobalSection(ExtensibilityGlobals) = postSolution
		SolutionGuid = {EC0DC617-1920-42BA-BEF2-6DE43F30CE84}
	EndGlobalSection
EndGlobal
